
Microsoft Visual Studio Solution File, Format Version 12.00
# Visual Studio Version 16
VisualStudioVersion = 16.0.31019.194
MinimumVisualStudioVersion = 10.0.40219.1
Project("{9A19103F-16F7-4668-BE54-9A1E7A4F7556}") = "megaphone.api", "megaphone.api\megaphone.api.csproj", "{325352BE-082C-482C-80F6-851DC8D6D8E6}"
EndProject
Global
	GlobalSection(SolutionConfigurationPlatforms) = preSolution
		Debug|Any CPU = Debug|Any CPU
		Release|Any CPU = Release|Any CPU
	EndGlobalSection
	GlobalSection(ProjectConfigurationPlatforms) = postSolution
		{325352BE-082C-482C-80F6-851DC8D6D8E6}.Debug|Any CPU.ActiveCfg = Debug|Any CPU
		{325352BE-082C-482C-80F6-851DC8D6D8E6}.Debug|Any CPU.Build.0 = Debug|Any CPU
		{325352BE-082C-482C-80F6-851DC8D6D8E6}.Release|Any CPU.ActiveCfg = Release|Any CPU
		{325352BE-082C-482C-80F6-851DC8D6D8E6}.Release|Any CPU.Build.0 = Release|Any CPU
	EndGlobalSection
	GlobalSection(SolutionProperties) = preSolution
		HideSolutionNode = FALSE
	EndGlobalSection
	GlobalSection(ExtensibilityGlobals) = postSolution
		SolutionGuid = {D7E4720F-E35C-48E4-B262-7FFA54989E39}
	EndGlobalSection
EndGlobal
